
Microsoft Visual Studio Solution File, Format Version 10.00
# Visual Studio 2008
Project("{8BC9CEB8-8B4A-11D0-8D11-00A0C91BC942}") = "WinEmulator", "WinEmulator\WinEmulator.vcproj", "{7F594B36-0C24-4E50-9E69-C5A51F3F65E0}"
EndProject
Project("{54435603-DBB4-11D2-8724-00A0C9A8B90C}") = "EmulatorSetup", "EmulatorSetup\EmulatorSetup.vdproj", "{8CD7BE4B-4F37-4AA1-9EFA-619BE1276A25}"
EndProject
Global
	GlobalSection(SolutionConfigurationPlatforms) = preSolution
		Debug|Win32 = Debug|Win32
		Release|Win32 = Release|Win32
	EndGlobalSection
	GlobalSection(ProjectConfigurationPlatforms) = postSolution
		{7F594B36-0C24-4E50-9E69-C5A51F3F65E0}.Debug|Win32.ActiveCfg = Debug|Win32
		{7F594B36-0C24-4E50-9E69-C5A51F3F65E0}.Debug|Win32.Build.0 = Debug|Win32
		{7F594B36-0C24-4E50-9E69-C5A51F3F65E0}.Release|Win32.ActiveCfg = Release|Win32
		{7F594B36-0C24-4E50-9E69-C5A51F3F65E0}.Release|Win32.Build.0 = Release|Win32
		{8CD7BE4B-4F37-4AA1-9EFA-619BE1276A25}.Debug|Win32.ActiveCfg = Debug
		{8CD7BE4B-4F37-4AA1-9EFA-619BE1276A25}.Release|Win32.ActiveCfg = Release
	EndGlobalSection
	GlobalSection(SolutionProperties) = preSolution
		HideSolutionNode = FALSE
	EndGlobalSection
EndGlobal
